
Microsoft Visual Studio Solution File, Format Version 12.00
# Visual Studio Version 17
VisualStudioVersion = 17.13.35931.197 d17.13
MinimumVisualStudioVersion = 10.0.40219.1
Project("{FAE04EC0-301F-11D3-BF4B-00C04F79EFBC}") = "jdelgadoT3", "jdelgadoT3.csproj", "{FF572F89-3BAC-42CD-AE7C-F3C1A37AD660}"
EndProject
Global
	GlobalSection(SolutionConfigurationPlatforms) = preSolution
		Debug|Any CPU = Debug|Any CPU
		Release|Any CPU = Release|Any CPU
	EndGlobalSection
	GlobalSection(ProjectConfigurationPlatforms) = postSolution
		{FF572F89-3BAC-42CD-AE7C-F3C1A37AD660}.Debug|Any CPU.ActiveCfg = Debug|Any CPU
		{FF572F89-3BAC-42CD-AE7C-F3C1A37AD660}.Debug|Any CPU.Build.0 = Debug|Any CPU
		{FF572F89-3BAC-42CD-AE7C-F3C1A37AD660}.Release|Any CPU.ActiveCfg = Release|Any CPU
		{FF572F89-3BAC-42CD-AE7C-F3C1A37AD660}.Release|Any CPU.Build.0 = Release|Any CPU
	EndGlobalSection
	GlobalSection(SolutionProperties) = preSolution
		HideSolutionNode = FALSE
	EndGlobalSection
	GlobalSection(ExtensibilityGlobals) = postSolution
		SolutionGuid = {94DE89B6-2FBA-4367-BF5F-89F7F0EE6A85}
	EndGlobalSection
EndGlobal
